# This file is autogenerated, do not edit; changes may be undone by the next 'dep ensure'.


[[projects]]
  name = "github.com/drgomesp/cargo"
  packages = ["argument","container","definition","method","reference"]
  revision = "bfe17485e6b36c22a2be0f0a818daf3ecb866eea"
  version = "v1.0.0"

[[projects]]
  name = "github.com/jinzhu/gorm"
  packages = ["."]
  revision = "5174cc5c242a728b435ea2be8a2f7f998e15429b"
  version = "v1.0"

[[projects]]
  branch = "master"
  name = "github.com/jinzhu/inflection"
  packages = ["."]
  revision = "1c35d901db3da928c72a72d8458480cc9ade058f"

[solve-meta]
  analyzer-name = "dep"
  analyzer-version = 1
  inputs-digest = "df5c17e5e6045843a353c282a3405e90585f80419fe76f034c19d3d6d005589a"
  solver-name = "gps-cdcl"
  solver-version = 1
