# This file is autogenerated, do not edit; changes may be undone by the next 'dep ensure'.


[[projects]]
  name = "github.com/drgomesp/cargo"
  packages = ["argument","container","definition","method","reference"]
  revision = "bfe17485e6b36c22a2be0f0a818daf3ecb866eea"
  version = "v1.0.0"

[[projects]]
  branch = "master"
  name = "github.com/jinzhu/inflection"
  packages = ["."]
  revision = "1c35d901db3da928c72a72d8458480cc9ade058f"

[solve-meta]
  analyzer-name = "dep"
  analyzer-version = 1
  inputs-digest = "541226dcae14b806dae41c4dac15d4db0af79cbc68ca9274347105305dc28716"
  solver-name = "gps-cdcl"
  solver-version = 1
